
Microsoft Visual Studio Solution File, Format Version 12.00
# Visual Studio Version 17
VisualStudioVersion = 17.5.002.0
MinimumVisualStudioVersion = 10.0.40219.1
Project("{9A19103F-16F7-4668-BE54-9A1E7A4F7556}") = "RealWorldClasses", "RealWorldClasses\RealWorldClasses.csproj", "{34B0128D-FE6E-49F2-AFBC-D01A03D3EA20}"
EndProject
Project("{9A19103F-16F7-4668-BE54-9A1E7A4F7556}") = "RealWorldClassesTests", "RealWorldClassesTests\RealWorldClassesTests.csproj", "{0F5A6304-2654-4912-8F41-56ACFC82149F}"
EndProject
Global
	GlobalSection(SolutionConfigurationPlatforms) = preSolution
		Debug|Any CPU = Debug|Any CPU
		Release|Any CPU = Release|Any CPU
	EndGlobalSection
	GlobalSection(ProjectConfigurationPlatforms) = postSolution
		{34B0128D-FE6E-49F2-AFBC-D01A03D3EA20}.Debug|Any CPU.ActiveCfg = Debug|Any CPU
		{34B0128D-FE6E-49F2-AFBC-D01A03D3EA20}.Debug|Any CPU.Build.0 = Debug|Any CPU
		{34B0128D-FE6E-49F2-AFBC-D01A03D3EA20}.Release|Any CPU.ActiveCfg = Release|Any CPU
		{34B0128D-FE6E-49F2-AFBC-D01A03D3EA20}.Release|Any CPU.Build.0 = Release|Any CPU
		{0F5A6304-2654-4912-8F41-56ACFC82149F}.Debug|Any CPU.ActiveCfg = Debug|Any CPU
		{0F5A6304-2654-4912-8F41-56ACFC82149F}.Debug|Any CPU.Build.0 = Debug|Any CPU
		{0F5A6304-2654-4912-8F41-56ACFC82149F}.Release|Any CPU.ActiveCfg = Release|Any CPU
		{0F5A6304-2654-4912-8F41-56ACFC82149F}.Release|Any CPU.Build.0 = Release|Any CPU
	EndGlobalSection
	GlobalSection(SolutionProperties) = preSolution
		HideSolutionNode = FALSE
	EndGlobalSection
	GlobalSection(ExtensibilityGlobals) = postSolution
		SolutionGuid = {BC01D6B0-54F2-4920-AED5-4069BEF05F66}
	EndGlobalSection
EndGlobal
